// !$*UTF8*$!
{
	archiveVersion = 1;
	classes = {
	};
	objectVersion = 50;
	objects = {

/* Begin PBXBuildFile section */
		C20983AB23A0EA970054CAA0 /* RALanguage.swift in Sources */ = {isa = PBXBuildFile; fileRef = C20983AA23A0EA970054CAA0 /* RALanguage.swift */; };
		C29116E5238D858900995C0E /* RALocalize.h in Headers */ = {isa = PBXBuildFile; fileRef = C29116E3238D858900995C0E /* RALocalize.h */; settings = {ATTRIBUTES = (Public, ); }; };
		C2911717238D8B5A00995C0E /* String extension.swift in Sources */ = {isa = PBXBuildFile; fileRef = C2911716238D8B5A00995C0E /* String extension.swift */; };
		C2911719238D8BD500995C0E /* RALocalize.swift in Sources */ = {isa = PBXBuildFile; fileRef = C2911718238D8BD500995C0E /* RALocalize.swift */; };
		C2911738238D916000995C0E /* Public properties.swift in Sources */ = {isa = PBXBuildFile; fileRef = C2911737238D916000995C0E /* Public properties.swift */; };
		C291173B238D9D4900995C0E /* RALocalizableLabel.swift in Sources */ = {isa = PBXBuildFile; fileRef = C291173A238D9D4900995C0E /* RALocalizableLabel.swift */; };
		C2911744238DABB700995C0E /* RALocalizableButton.swift in Sources */ = {isa = PBXBuildFile; fileRef = C2911743238DABB700995C0E /* RALocalizableButton.swift */; };
		C2911746238DABBB00995C0E /* RALocalizableTextField.swift in Sources */ = {isa = PBXBuildFile; fileRef = C2911745238DABBB00995C0E /* RALocalizableTextField.swift */; };
		C291174A238E4EEB00995C0E /* Foundation.framework in Frameworks */ = {isa = PBXBuildFile; fileRef = C2911749238E4EEA00995C0E /* Foundation.framework */; };
/* End PBXBuildFile section */

/* Begin PBXFileReference section */
		C20983AA23A0EA970054CAA0 /* RALanguage.swift */ = {isa = PBXFileReference; lastKnownFileType = sourcecode.swift; path = RALanguage.swift; sourceTree = "<group>"; };
		C29116E0238D858900995C0E /* RALocalize.framework */ = {isa = PBXFileReference; explicitFileType = wrapper.framework; includeInIndex = 0; path = RALocalize.framework; sourceTree = BUILT_PRODUCTS_DIR; };
		C29116E3238D858900995C0E /* RALocalize.h */ = {isa = PBXFileReference; lastKnownFileType = sourcecode.c.h; path = RALocalize.h; sourceTree = "<group>"; };
		C29116E4238D858900995C0E /* Info.plist */ = {isa = PBXFileReference; lastKnownFileType = text.plist.xml; path = Info.plist; sourceTree = "<group>"; };
		C2911716238D8B5A00995C0E /* String extension.swift */ = {isa = PBXFileReference; lastKnownFileType = sourcecode.swift; name = "String extension.swift"; path = "RALocalize/String extension.swift"; sourceTree = SOURCE_ROOT; };
		C2911718238D8BD500995C0E /* RALocalize.swift */ = {isa = PBXFileReference; lastKnownFileType = sourcecode.swift; name = RALocalize.swift; path = RALocalize/RALocalize.swift; sourceTree = SOURCE_ROOT; };
		C2911737238D916000995C0E /* Public properties.swift */ = {isa = PBXFileReference; lastKnownFileType = sourcecode.swift; name = "Public properties.swift"; path = "RALocalize/Public properties.swift"; sourceTree = SOURCE_ROOT; };
		C291173A238D9D4900995C0E /* RALocalizableLabel.swift */ = {isa = PBXFileReference; lastKnownFileType = sourcecode.swift; name = RALocalizableLabel.swift; path = RALocalize/RALocalizableLabel.swift; sourceTree = SOURCE_ROOT; };
		C2911743238DABB700995C0E /* RALocalizableButton.swift */ = {isa = PBXFileReference; fileEncoding = 4; lastKnownFileType = sourcecode.swift; name = RALocalizableButton.swift; path = RALocalize/RALocalizableButton.swift; sourceTree = SOURCE_ROOT; };
		C2911745238DABBB00995C0E /* RALocalizableTextField.swift */ = {isa = PBXFileReference; fileEncoding = 4; lastKnownFileType = sourcecode.swift; name = RALocalizableTextField.swift; path = RALocalize/RALocalizableTextField.swift; sourceTree = SOURCE_ROOT; };
		C2911749238E4EEA00995C0E /* Foundation.framework */ = {isa = PBXFileReference; lastKnownFileType = wrapper.framework; name = Foundation.framework; path = System/Library/Frameworks/Foundation.framework; sourceTree = SDKROOT; };
/* End PBXFileReference section */

/* Begin PBXFrameworksBuildPhase section */
		C29116DD238D858900995C0E /* Frameworks */ = {
			isa = PBXFrameworksBuildPhase;
			buildActionMask = 2147483647;
			files = (
				C291174A238E4EEB00995C0E /* Foundation.framework in Frameworks */,
			);
			runOnlyForDeploymentPostprocessing = 0;
		};
/* End PBXFrameworksBuildPhase section */

/* Begin PBXGroup section */
		C29116D6238D858900995C0E = {
			isa = PBXGroup;
			children = (
				C29116E2238D858900995C0E /* RALocalize */,
				C29116E1238D858900995C0E /* Products */,
				C2911748238E4EEA00995C0E /* Frameworks */,
			);
			sourceTree = "<group>";
		};
		C29116E1238D858900995C0E /* Products */ = {
			isa = PBXGroup;
			children = (
				C29116E0238D858900995C0E /* RALocalize.framework */,
			);
			name = Products;
			sourceTree = "<group>";
		};
		C29116E2238D858900995C0E /* RALocalize */ = {
			isa = PBXGroup;
			children = (
				C29116E3238D858900995C0E /* RALocalize.h */,
				C29116E4238D858900995C0E /* Info.plist */,
				C2911716238D8B5A00995C0E /* String extension.swift */,
				C291173A238D9D4900995C0E /* RALocalizableLabel.swift */,
				C2911745238DABBB00995C0E /* RALocalizableTextField.swift */,
				C2911743238DABB700995C0E /* RALocalizableButton.swift */,
				C2911737238D916000995C0E /* Public properties.swift */,
				C2911718238D8BD500995C0E /* RALocalize.swift */,
				C20983AA23A0EA970054CAA0 /* RALanguage.swift */,
			);
			path = RALocalize;
			sourceTree = "<group>";
		};
		C2911748238E4EEA00995C0E /* Frameworks */ = {
			isa = PBXGroup;
			children = (
				C2911749238E4EEA00995C0E /* Foundation.framework */,
			);
			name = Frameworks;
			sourceTree = "<group>";
		};
/* End PBXGroup section */

/* Begin PBXHeadersBuildPhase section */
		C29116DB238D858900995C0E /* Headers */ = {
			isa = PBXHeadersBuildPhase;
			buildActionMask = 2147483647;
			files = (
				C29116E5238D858900995C0E /* RALocalize.h in Headers */,
			);
			runOnlyForDeploymentPostprocessing = 0;
		};
/* End PBXHeadersBuildPhase section */

/* Begin PBXNativeTarget section */
		C29116DF238D858900995C0E /* RALocalize */ = {
			isa = PBXNativeTarget;
			buildConfigurationList = C29116E8238D858900995C0E /* Build configuration list for PBXNativeTarget "RALocalize" */;
			buildPhases = (
				C29116DB238D858900995C0E /* Headers */,
				C29116DC238D858900995C0E /* Sources */,
				C29116DD238D858900995C0E /* Frameworks */,
				C29116DE238D858900995C0E /* Resources */,
			);
			buildRules = (
			);
			dependencies = (
			);
			name = RALocalize;
			productName = RALocalize;
			productReference = C29116E0238D858900995C0E /* RALocalize.framework */;
			productType = "com.apple.product-type.framework";
		};
/* End PBXNativeTarget section */

/* Begin PBXProject section */
		C29116D7238D858900995C0E /* Project object */ = {
			isa = PBXProject;
			attributes = {
				LastUpgradeCheck = 1120;
				ORGANIZATIONNAME = "Ruben Nahatakyan";
				TargetAttributes = {
					C29116DF238D858900995C0E = {
						CreatedOnToolsVersion = 11.2.1;
						LastSwiftMigration = 1120;
					};
				};
			};
			buildConfigurationList = C29116DA238D858900995C0E /* Build configuration list for PBXProject "RALocalize" */;
			compatibilityVersion = "Xcode 9.3";
			developmentRegion = en;
			hasScannedForEncodings = 0;
			knownRegions = (
				en,
				Base,
			);
			mainGroup = C29116D6238D858900995C0E;
			productRefGroup = C29116E1238D858900995C0E /* Products */;
			projectDirPath = "";
			projectRoot = "";
			targets = (
				C29116DF238D858900995C0E /* RALocalize */,
			);
		};
/* End PBXProject section */

/* Begin PBXResourcesBuildPhase section */
		C29116DE238D858900995C0E /* Resources */ = {
			isa = PBXResourcesBuildPhase;
			buildActionMask = 2147483647;
			files = (
			);
			runOnlyForDeploymentPostprocessing = 0;
		};
/* End PBXResourcesBuildPhase section */

/* Begin PBXSourcesBuildPhase section */
		C29116DC238D858900995C0E /* Sources */ = {
			isa = PBXSourcesBuildPhase;
			buildActionMask = 2147483647;
			files = (
				C2911744238DABB700995C0E /* RALocalizableButton.swift in Sources */,
				C2911719238D8BD500995C0E /* RALocalize.swift in Sources */,
				C2911746238DABBB00995C0E /* RALocalizableTextField.swift in Sources */,
				C2911738238D916000995C0E /* Public properties.swift in Sources */,
				C2911717238D8B5A00995C0E /* String extension.swift in Sources */,
				C20983AB23A0EA970054CAA0 /* RALanguage.swift in Sources */,
				C291173B238D9D4900995C0E /* RALocalizableLabel.swift in Sources */,
			);
			runOnlyForDeploymentPostprocessing = 0;
		};
/* End PBXSourcesBuildPhase section */

/* Begin XCBuildConfiguration section */
		C29116E6238D858900995C0E /* Debug */ = {
			isa = XCBuildConfiguration;
			buildSettings = {
				ALWAYS_SEARCH_USER_PATHS = NO;
				CLANG_ANALYZER_NONNULL = YES;
				CLANG_ANALYZER_NUMBER_OBJECT_CONVERSION = YES_AGGRESSIVE;
				CLANG_CXX_LANGUAGE_STANDARD = "gnu++14";
				CLANG_CXX_LIBRARY = "libc++";
				CLANG_ENABLE_MODULES = YES;
				CLANG_ENABLE_OBJC_ARC = YES;
				CLANG_ENABLE_OBJC_WEAK = YES;
				CLANG_WARN_BLOCK_CAPTURE_AUTORELEASING = YES;
				CLANG_WARN_BOOL_CONVERSION = YES;
				CLANG_WARN_COMMA = YES;
				CLANG_WARN_CONSTANT_CONVERSION = YES;
				CLANG_WARN_DEPRECATED_OBJC_IMPLEMENTATIONS = YES;
				CLANG_WARN_DIRECT_OBJC_ISA_USAGE = YES_ERROR;
				CLANG_WARN_DOCUMENTATION_COMMENTS = YES;
				CLANG_WARN_EMPTY_BODY = YES;
				CLANG_WARN_ENUM_CONVERSION = YES;
				CLANG_WARN_INFINITE_RECURSION = YES;
				CLANG_WARN_INT_CONVERSION = YES;
				CLANG_WARN_NON_LITERAL_NULL_CONVERSION = YES;
				CLANG_WARN_OBJC_IMPLICIT_RETAIN_SELF = YES;
				CLANG_WARN_OBJC_LITERAL_CONVERSION = YES;
				CLANG_WARN_OBJC_ROOT_CLASS = YES_ERROR;
				CLANG_WARN_RANGE_LOOP_ANALYSIS = YES;
				CLANG_WARN_STRICT_PROTOTYPES = YES;
				CLANG_WARN_SUSPICIOUS_MOVE = YES;
				CLANG_WARN_UNGUARDED_AVAILABILITY = YES_AGGRESSIVE;
				CLANG_WARN_UNREACHABLE_CODE = YES;
				CLANG_WARN__DUPLICATE_METHOD_MATCH = YES;
				COPY_PHASE_STRIP = NO;
				CURRENT_PROJECT_VERSION = 1;
				DEBUG_INFORMATION_FORMAT = dwarf;
				ENABLE_STRICT_OBJC_MSGSEND = YES;
				ENABLE_TESTABILITY = YES;
				GCC_C_LANGUAGE_STANDARD = gnu11;
				GCC_DYNAMIC_NO_PIC = NO;
				GCC_NO_COMMON_BLOCKS = YES;
				GCC_OPTIMIZATION_LEVEL = 0;
				GCC_PREPROCESSOR_DEFINITIONS = (
					"DEBUG=1",
					"$(inherited)",
				);
				GCC_WARN_64_TO_32_BIT_CONVERSION = YES;
				GCC_WARN_ABOUT_RETURN_TYPE = YES_ERROR;
				GCC_WARN_UNDECLARED_SELECTOR = YES;
				GCC_WARN_UNINITIALIZED_AUTOS = YES_AGGRESSIVE;
				GCC_WARN_UNUSED_FUNCTION = YES;
				GCC_WARN_UNUSED_VARIABLE = YES;
				IPHONEOS_DEPLOYMENT_TARGET = 13.2;
				MTL_ENABLE_DEBUG_INFO = INCLUDE_SOURCE;
				MTL_FAST_MATH = YES;
				ONLY_ACTIVE_ARCH = YES;
				SDKROOT = iphoneos;
				SWIFT_ACTIVE_COMPILATION_CONDITIONS = DEBUG;
				SWIFT_OPTIMIZATION_LEVEL = "-Onone";
				VERSIONING_SYSTEM = "apple-generic";
				VERSION_INFO_PREFIX = "";
			};
			name = Debug;
		};
		C29116E7238D858900995C0E /* Release */ = {
			isa = XCBuildConfiguration;
			buildSettings = {
				ALWAYS_SEARCH_USER_PATHS = NO;
				CLANG_ANALYZER_NONNULL = YES;
				CLANG_ANALYZER_NUMBER_OBJECT_CONVERSION = YES_AGGRESSIVE;
				CLANG_CXX_LANGUAGE_STANDARD = "gnu++14";
				CLANG_CXX_LIBRARY = "libc++";
				CLANG_ENABLE_MODULES = YES;
				CLANG_ENABLE_OBJC_ARC = YES;
				CLANG_ENABLE_OBJC_WEAK = YES;
				CLANG_WARN_BLOCK_CAPTURE_AUTORELEASING = YES;
				CLANG_WARN_BOOL_CONVERSION = YES;
				CLANG_WARN_COMMA = YES;
				CLANG_WARN_CONSTANT_CONVERSION = YES;
				CLANG_WARN_DEPRECATED_OBJC_IMPLEMENTATIONS = YES;
				CLANG_WARN_DIRECT_OBJC_ISA_USAGE = YES_ERROR;
				CLANG_WARN_DOCUMENTATION_COMMENTS = YES;
				CLANG_WARN_EMPTY_BODY = YES;
				CLANG_WARN_ENUM_CONVERSION = YES;
				CLANG_WARN_INFINITE_RECURSION = YES;
				CLANG_WARN_INT_CONVERSION = YES;
				CLANG_WARN_NON_LITERAL_NULL_CONVERSION = YES;
				CLANG_WARN_OBJC_IMPLICIT_RETAIN_SELF = YES;
				CLANG_WARN_OBJC_LITERAL_CONVERSION = YES;
				CLANG_WARN_OBJC_ROOT_CLASS = YES_ERROR;
				CLANG_WARN_RANGE_LOOP_ANALYSIS = YES;
				CLANG_WARN_STRICT_PROTOTYPES = YES;
				CLANG_WARN_SUSPICIOUS_MOVE = YES;
				CLANG_WARN_UNGUARDED_AVAILABILITY = YES_AGGRESSIVE;
				CLANG_WARN_UNREACHABLE_CODE = YES;
				CLANG_WARN__DUPLICATE_METHOD_MATCH = YES;
				COPY_PHASE_STRIP = NO;
				CURRENT_PROJECT_VERSION = 1;
				DEBUG_INFORMATION_FORMAT = "dwarf-with-dsym";
				ENABLE_NS_ASSERTIONS = NO;
				ENABLE_STRICT_OBJC_MSGSEND = YES;
				GCC_C_LANGUAGE_STANDARD = gnu11;
				GCC_NO_COMMON_BLOCKS = YES;
				GCC_WARN_64_TO_32_BIT_CONVERSION = YES;
				GCC_WARN_ABOUT_RETURN_TYPE = YES_ERROR;
				GCC_WARN_UNDECLARED_SELECTOR = YES;
				GCC_WARN_UNINITIALIZED_AUTOS = YES_AGGRESSIVE;
				GCC_WARN_UNUSED_FUNCTION = YES;
				GCC_WARN_UNUSED_VARIABLE = YES;
				IPHONEOS_DEPLOYMENT_TARGET = 13.2;
				MTL_ENABLE_DEBUG_INFO = NO;
				MTL_FAST_MATH = YES;
				SDKROOT = iphoneos;
				SWIFT_COMPILATION_MODE = wholemodule;
				SWIFT_OPTIMIZATION_LEVEL = "-O";
				VALIDATE_PRODUCT = YES;
				VERSIONING_SYSTEM = "apple-generic";
				VERSION_INFO_PREFIX = "";
			};
			name = Release;
		};
		C29116E9238D858900995C0E /* Debug */ = {
			isa = XCBuildConfiguration;
			buildSettings = {
				CLANG_ENABLE_MODULES = YES;
				CODE_SIGN_STYLE = Automatic;
				CURRENT_PROJECT_VERSION = 1;
				DEFINES_MODULE = YES;
				DEVELOPMENT_TEAM = KPULZ5W356;
				DYLIB_COMPATIBILITY_VERSION = 1;
				DYLIB_CURRENT_VERSION = 1;
				DYLIB_INSTALL_NAME_BASE = "@rpath";
				INFOPLIST_FILE = RALocalize/Info.plist;
				INSTALL_PATH = "$(LOCAL_LIBRARY_DIR)/Frameworks";
				IPHONEOS_DEPLOYMENT_TARGET = 10.0;
				LD_RUNPATH_SEARCH_PATHS = (
					"$(inherited)",
					"@executable_path/Frameworks",
					"@loader_path/Frameworks",
				);
				MARKETING_VERSION = 1.3.4;
				PRODUCT_BUNDLE_IDENTIFIER = com.ransh.localization.RALocalize;
				PRODUCT_NAME = "$(TARGET_NAME:c99extidentifier)";
				SKIP_INSTALL = YES;
				SUPPORTS_MACCATALYST = NO;
				SWIFT_OPTIMIZATION_LEVEL = "-Onone";
				SWIFT_VERSION = 5.0;
				TARGETED_DEVICE_FAMILY = "1,2";
			};
			name = Debug;
		};
		C29116EA238D858900995C0E /* Release */ = {
			isa = XCBuildConfiguration;
			buildSettings = {
				CLANG_ENABLE_MODULES = YES;
				CODE_SIGN_STYLE = Automatic;
				CURRENT_PROJECT_VERSION = 1;
				DEFINES_MODULE = YES;
				DEVELOPMENT_TEAM = KPULZ5W356;
				DYLIB_COMPATIBILITY_VERSION = 1;
				DYLIB_CURRENT_VERSION = 1;
				DYLIB_INSTALL_NAME_BASE = "@rpath";
				INFOPLIST_FILE = RALocalize/Info.plist;
				INSTALL_PATH = "$(LOCAL_LIBRARY_DIR)/Frameworks";
				IPHONEOS_DEPLOYMENT_TARGET = 10.0;
				LD_RUNPATH_SEARCH_PATHS = (
					"$(inherited)",
					"@executable_path/Frameworks",
					"@loader_path/Frameworks",
				);
				MARKETING_VERSION = 1.3.4;
				PRODUCT_BUNDLE_IDENTIFIER = com.ransh.localization.RALocalize;
				PRODUCT_NAME = "$(TARGET_NAME:c99extidentifier)";
				SKIP_INSTALL = YES;
				SUPPORTS_MACCATALYST = NO;
				SWIFT_VERSION = 5.0;
				TARGETED_DEVICE_FAMILY = "1,2";
			};
			name = Release;
		};
/* End XCBuildConfiguration section */

/* Begin XCConfigurationList section */
		C29116DA238D858900995C0E /* Build configuration list for PBXProject "RALocalize" */ = {
			isa = XCConfigurationList;
			buildConfigurations = (
				C29116E6238D858900995C0E /* Debug */,
				C29116E7238D858900995C0E /* Release */,
			);
			defaultConfigurationIsVisible = 0;
			defaultConfigurationName = Release;
		};
		C29116E8238D858900995C0E /* Build configuration list for PBXNativeTarget "RALocalize" */ = {
			isa = XCConfigurationList;
			buildConfigurations = (
				C29116E9238D858900995C0E /* Debug */,
				C29116EA238D858900995C0E /* Release */,
			);
			defaultConfigurationIsVisible = 0;
			defaultConfigurationName = Release;
		};
/* End XCConfigurationList section */
	};
	rootObject = C29116D7238D858900995C0E /* Project object */;
}
